
Microsoft Visual Studio Solution File, Format Version 12.00
# Visual Studio 15
VisualStudioVersion = 15.0.28307.421
MinimumVisualStudioVersion = 10.0.40219.1
Project("{9A19103F-16F7-4668-BE54-9A1E7A4F7556}") = "Angular", "Angular\Angular.csproj", "{FC933ABC-E430-4269-A6D5-B3FB240E3B86}"
EndProject
Global
	GlobalSection(SolutionConfigurationPlatforms) = preSolution
		Debug|Any CPU = Debug|Any CPU
		Release|Any CPU = Release|Any CPU
	EndGlobalSection
	GlobalSection(ProjectConfigurationPlatforms) = postSolution
		{FC933ABC-E430-4269-A6D5-B3FB240E3B86}.Debug|Any CPU.ActiveCfg = Debug|Any CPU
		{FC933ABC-E430-4269-A6D5-B3FB240E3B86}.Release|Any CPU.ActiveCfg = Release|Any CPU
		{FC933ABC-E430-4269-A6D5-B3FB240E3B86}.Release|Any CPU.Build.0 = Release|Any CPU
	EndGlobalSection
	GlobalSection(SolutionProperties) = preSolution
		HideSolutionNode = FALSE
	EndGlobalSection
	GlobalSection(ExtensibilityGlobals) = postSolution
		SolutionGuid = {9844C6D3-6DBA-48EE-8536-241ADECB624E}
	EndGlobalSection
EndGlobal
