
Microsoft Visual Studio Solution File, Format Version 12.00
# Visual Studio 15
VisualStudioVersion = 15.0.28307.421
MinimumVisualStudioVersion = 10.0.40219.1
Project("{9A19103F-16F7-4668-BE54-9A1E7A4F7556}") = "MySchool", "MySchool\MySchool.csproj", "{32F04E14-1D6F-4797-876F-D31C978103CE}"
EndProject
Global
	GlobalSection(SolutionConfigurationPlatforms) = preSolution
		Debug|Any CPU = Debug|Any CPU
		Release|Any CPU = Release|Any CPU
	EndGlobalSection
	GlobalSection(ProjectConfigurationPlatforms) = postSolution
		{32F04E14-1D6F-4797-876F-D31C978103CE}.Debug|Any CPU.ActiveCfg = Debug|Any CPU
		{32F04E14-1D6F-4797-876F-D31C978103CE}.Debug|Any CPU.Build.0 = Debug|Any CPU
		{32F04E14-1D6F-4797-876F-D31C978103CE}.Release|Any CPU.ActiveCfg = Release|Any CPU
		{32F04E14-1D6F-4797-876F-D31C978103CE}.Release|Any CPU.Build.0 = Release|Any CPU
	EndGlobalSection
	GlobalSection(SolutionProperties) = preSolution
		HideSolutionNode = FALSE
	EndGlobalSection
	GlobalSection(ExtensibilityGlobals) = postSolution
		SolutionGuid = {CC5BCED8-D615-441D-942F-F90846611831}
	EndGlobalSection
EndGlobal
